
Microsoft Visual Studio Solution File, Format Version 12.00
# Visual Studio Version 17
VisualStudioVersion = 17.3.32811.315
MinimumVisualStudioVersion = 10.0.40219.1
Project("{8BC9CEB8-8B4A-11D0-8D11-00A0C91BC942}") = "01", "01\01.vcxproj", "{25AA48B8-B611-48F3-97E1-CAC948974887}"
EndProject
Project("{8BC9CEB8-8B4A-11D0-8D11-00A0C91BC942}") = "02", "02\02.vcxproj", "{C8DABA6B-F787-4486-AA22-55B8738C0818}"
EndProject
Project("{8BC9CEB8-8B4A-11D0-8D11-00A0C91BC942}") = "03", "03\03.vcxproj", "{AD088C88-7E52-4DEA-8BB8-66E7BB65123E}"
EndProject
Project("{8BC9CEB8-8B4A-11D0-8D11-00A0C91BC942}") = "04", "04\04.vcxproj", "{41178926-7F54-4669-9076-FF70A05D0B08}"
EndProject
Project("{8BC9CEB8-8B4A-11D0-8D11-00A0C91BC942}") = "05", "05\05.vcxproj", "{C3644817-1451-426B-99F3-4AD46C7B1ABB}"
EndProject
Project("{8BC9CEB8-8B4A-11D0-8D11-00A0C91BC942}") = "06", "06\06.vcxproj", "{E42FBEFD-60EC-4226-A52C-44DDAD009245}"
EndProject
Project("{8BC9CEB8-8B4A-11D0-8D11-00A0C91BC942}") = "07", "07\07.vcxproj", "{95306F41-8ABB-4527-84E9-A65899DACB93}"
EndProject
Project("{8BC9CEB8-8B4A-11D0-8D11-00A0C91BC942}") = "08", "08\08.vcxproj", "{D25A1A41-901C-4907-BADE-C927BE384FA2}"
EndProject
Project("{8BC9CEB8-8B4A-11D0-8D11-00A0C91BC942}") = "09", "09\09.vcxproj", "{07557FD2-D3B9-493A-ACB2-3C6B0857639B}"
EndProject
Global
	GlobalSection(SolutionConfigurationPlatforms) = preSolution
		Debug|x64 = Debug|x64
		Debug|x86 = Debug|x86
		Release|x64 = Release|x64
		Release|x86 = Release|x86
	EndGlobalSection
	GlobalSection(ProjectConfigurationPlatforms) = postSolution
		{25AA48B8-B611-48F3-97E1-CAC948974887}.Debug|x64.ActiveCfg = Debug|x64
		{25AA48B8-B611-48F3-97E1-CAC948974887}.Debug|x64.Build.0 = Debug|x64
		{25AA48B8-B611-48F3-97E1-CAC948974887}.Debug|x86.ActiveCfg = Debug|Win32
		{25AA48B8-B611-48F3-97E1-CAC948974887}.Debug|x86.Build.0 = Debug|Win32
		{25AA48B8-B611-48F3-97E1-CAC948974887}.Release|x64.ActiveCfg = Release|x64
		{25AA48B8-B611-48F3-97E1-CAC948974887}.Release|x64.Build.0 = Release|x64
		{25AA48B8-B611-48F3-97E1-CAC948974887}.Release|x86.ActiveCfg = Release|Win32
		{25AA48B8-B611-48F3-97E1-CAC948974887}.Release|x86.Build.0 = Release|Win32
		{C8DABA6B-F787-4486-AA22-55B8738C0818}.Debug|x64.ActiveCfg = Debug|x64
		{C8DABA6B-F787-4486-AA22-55B8738C0818}.Debug|x64.Build.0 = Debug|x64
		{C8DABA6B-F787-4486-AA22-55B8738C0818}.Debug|x86.ActiveCfg = Debug|Win32
		{C8DABA6B-F787-4486-AA22-55B8738C0818}.Debug|x86.Build.0 = Debug|Win32
		{C8DABA6B-F787-4486-AA22-55B8738C0818}.Release|x64.ActiveCfg = Release|x64
		{C8DABA6B-F787-4486-AA22-55B8738C0818}.Release|x64.Build.0 = Release|x64
		{C8DABA6B-F787-4486-AA22-55B8738C0818}.Release|x86.ActiveCfg = Release|Win32
		{C8DABA6B-F787-4486-AA22-55B8738C0818}.Release|x86.Build.0 = Release|Win32
		{AD088C88-7E52-4DEA-8BB8-66E7BB65123E}.Debug|x64.ActiveCfg = Debug|x64
		{AD088C88-7E52-4DEA-8BB8-66E7BB65123E}.Debug|x64.Build.0 = Debug|x64
		{AD088C88-7E52-4DEA-8BB8-66E7BB65123E}.Debug|x86.ActiveCfg = Debug|Win32
		{AD088C88-7E52-4DEA-8BB8-66E7BB65123E}.Debug|x86.Build.0 = Debug|Win32
		{AD088C88-7E52-4DEA-8BB8-66E7BB65123E}.Release|x64.ActiveCfg = Release|x64
		{AD088C88-7E52-4DEA-8BB8-66E7BB65123E}.Release|x64.Build.0 = Release|x64
		{AD088C88-7E52-4DEA-8BB8-66E7BB65123E}.Release|x86.ActiveCfg = Release|Win32
		{AD088C88-7E52-4DEA-8BB8-66E7BB65123E}.Release|x86.Build.0 = Release|Win32
		{41178926-7F54-4669-9076-FF70A05D0B08}.Debug|x64.ActiveCfg = Debug|x64
		{41178926-7F54-4669-9076-FF70A05D0B08}.Debug|x64.Build.0 = Debug|x64
		{41178926-7F54-4669-9076-FF70A05D0B08}.Debug|x86.ActiveCfg = Debug|Win32
		{41178926-7F54-4669-9076-FF70A05D0B08}.Debug|x86.Build.0 = Debug|Win32
		{41178926-7F54-4669-9076-FF70A05D0B08}.Release|x64.ActiveCfg = Release|x64
		{41178926-7F54-4669-9076-FF70A05D0B08}.Release|x64.Build.0 = Release|x64
		{41178926-7F54-4669-9076-FF70A05D0B08}.Release|x86.ActiveCfg = Release|Win32
		{41178926-7F54-4669-9076-FF70A05D0B08}.Release|x86.Build.0 = Release|Win32
		{C3644817-1451-426B-99F3-4AD46C7B1ABB}.Debug|x64.ActiveCfg = Debug|x64
		{C3644817-1451-426B-99F3-4AD46C7B1ABB}.Debug|x64.Build.0 = Debug|x64
		{C3644817-1451-426B-99F3-4AD46C7B1ABB}.Debug|x86.ActiveCfg = Debug|Win32
		{C3644817-1451-426B-99F3-4AD46C7B1ABB}.Debug|x86.Build.0 = Debug|Win32
		{C3644817-1451-426B-99F3-4AD46C7B1ABB}.Release|x64.ActiveCfg = Release|x64
		{C3644817-1451-426B-99F3-4AD46C7B1ABB}.Release|x64.Build.0 = Release|x64
		{C3644817-1451-426B-99F3-4AD46C7B1ABB}.Release|x86.ActiveCfg = Release|Win32
		{C3644817-1451-426B-99F3-4AD46C7B1ABB}.Release|x86.Build.0 = Release|Win32
		{E42FBEFD-60EC-4226-A52C-44DDAD009245}.Debug|x64.ActiveCfg = Debug|x64
		{E42FBEFD-60EC-4226-A52C-44DDAD009245}.Debug|x64.Build.0 = Debug|x64
		{E42FBEFD-60EC-4226-A52C-44DDAD009245}.Debug|x86.ActiveCfg = Debug|Win32
		{E42FBEFD-60EC-4226-A52C-44DDAD009245}.Debug|x86.Build.0 = Debug|Win32
		{E42FBEFD-60EC-4226-A52C-44DDAD009245}.Release|x64.ActiveCfg = Release|x64
		{E42FBEFD-60EC-4226-A52C-44DDAD009245}.Release|x64.Build.0 = Release|x64
		{E42FBEFD-60EC-4226-A52C-44DDAD009245}.Release|x86.ActiveCfg = Release|Win32
		{E42FBEFD-60EC-4226-A52C-44DDAD009245}.Release|x86.Build.0 = Release|Win32
		{95306F41-8ABB-4527-84E9-A65899DACB93}.Debug|x64.ActiveCfg = Debug|x64
		{95306F41-8ABB-4527-84E9-A65899DACB93}.Debug|x64.Build.0 = Debug|x64
		{95306F41-8ABB-4527-84E9-A65899DACB93}.Debug|x86.ActiveCfg = Debug|Win32
		{95306F41-8ABB-4527-84E9-A65899DACB93}.Debug|x86.Build.0 = Debug|Win32
		{95306F41-8ABB-4527-84E9-A65899DACB93}.Release|x64.ActiveCfg = Release|x64
		{95306F41-8ABB-4527-84E9-A65899DACB93}.Release|x64.Build.0 = Release|x64
		{95306F41-8ABB-4527-84E9-A65899DACB93}.Release|x86.ActiveCfg = Release|Win32
		{95306F41-8ABB-4527-84E9-A65899DACB93}.Release|x86.Build.0 = Release|Win32
		{D25A1A41-901C-4907-BADE-C927BE384FA2}.Debug|x64.ActiveCfg = Debug|x64
		{D25A1A41-901C-4907-BADE-C927BE384FA2}.Debug|x64.Build.0 = Debug|x64
		{D25A1A41-901C-4907-BADE-C927BE384FA2}.Debug|x86.ActiveCfg = Debug|Win32
		{D25A1A41-901C-4907-BADE-C927BE384FA2}.Debug|x86.Build.0 = Debug|Win32
		{D25A1A41-901C-4907-BADE-C927BE384FA2}.Release|x64.ActiveCfg = Release|x64
		{D25A1A41-901C-4907-BADE-C927BE384FA2}.Release|x64.Build.0 = Release|x64
		{D25A1A41-901C-4907-BADE-C927BE384FA2}.Release|x86.ActiveCfg = Release|Win32
		{D25A1A41-901C-4907-BADE-C927BE384FA2}.Release|x86.Build.0 = Release|Win32
		{07557FD2-D3B9-493A-ACB2-3C6B0857639B}.Debug|x64.ActiveCfg = Debug|x64
		{07557FD2-D3B9-493A-ACB2-3C6B0857639B}.Debug|x64.Build.0 = Debug|x64
		{07557FD2-D3B9-493A-ACB2-3C6B0857639B}.Debug|x86.ActiveCfg = Debug|Win32
		{07557FD2-D3B9-493A-ACB2-3C6B0857639B}.Debug|x86.Build.0 = Debug|Win32
		{07557FD2-D3B9-493A-ACB2-3C6B0857639B}.Release|x64.ActiveCfg = Release|x64
		{07557FD2-D3B9-493A-ACB2-3C6B0857639B}.Release|x64.Build.0 = Release|x64
		{07557FD2-D3B9-493A-ACB2-3C6B0857639B}.Release|x86.ActiveCfg = Release|Win32
		{07557FD2-D3B9-493A-ACB2-3C6B0857639B}.Release|x86.Build.0 = Release|Win32
	EndGlobalSection
	GlobalSection(SolutionProperties) = preSolution
		HideSolutionNode = FALSE
	EndGlobalSection
	GlobalSection(ExtensibilityGlobals) = postSolution
		SolutionGuid = {17A4790F-8449-4465-867A-4E16EAF1C254}
	EndGlobalSection
EndGlobal
